<?xml version="1.0" encoding="utf-8"?>
<Project ToolsVersion="4.0" xmlns="http://schemas.microsoft.com/developer/msbuild/2003">
  <ItemGroup>
    <Filter Include="Source Files">
      <UniqueIdentifier>{4FC737F1-C7A5-4376-A066-2A32D752A2FF}</UniqueIdentifier>
      <Extensions>cpp;c;cc;cxx;def;odl;idl;hpj;bat;asm;asmx</Extensions>
    </Filter>
    <Filter Include="Header Files">
      <UniqueIdentifier>{93995380-89BD-4b04-88EB-625FBE52EBFB}</UniqueIdentifier>
      <Extensions>h;hh;hpp;hxx;hm;inl;inc;ipp;xsd</Extensions>
    </Filter>
    <Filter Include="Source Files\Game">
      <UniqueIdentifier>{962060a7-235a-4034-b0d5-02b40d4ce59f}</UniqueIdentifier>
    </Filter>
    <Filter Include="Header Files\Game">
      <UniqueIdentifier>{eeb6d688-4888-4074-abdc-67f0c3247da2}</UniqueIdentifier>
    </Filter>
    <Filter Include="Header Files\Entities">
      <UniqueIdentifier>{e596c533-12b8-4fd7-9f08-ad3b7872ecc8}</UniqueIdentifier>
    </Filter>
    <Filter Include="Source Files\Entities">
      <UniqueIdentifier>{f2a036be-3136-49ec-abac-4a970553b7ed}</UniqueIdentifier>
    </Filter>
    <Filter Include="Source Files\TinyXML">
      <UniqueIdentifier>{2e40c6ca-aaee-47fc-97c3-5e20ae66ca36}</UniqueIdentifier>
    </Filter>
    <Filter Include="Header Files\TinyXML">
      <UniqueIdentifier>{3e79c07e-459a-4c17-8a11-f9b9ac034cb6}</UniqueIdentifier>
    </Filter>
  </ItemGroup>
  <ItemGroup>
    <ClCompile Include="src\Player.cpp">
      <Filter>Source Files\Entities</Filter>
    </ClCompile>
    <ClCompile Include="src\Game.cpp">
      <Filter>Source Files\Game</Filter>
    </ClCompile>
    <ClCompile Include="src\Entity.cpp">
      <Filter>Source Files\Entities</Filter>
    </ClCompile>
    <ClCompile Include="src\Animation.cpp">
      <Filter>Source Files\Game</Filter>
    </ClCompile>
    <ClCompile Include="src\Enemy.cpp">
      <Filter>Source Files\Entities</Filter>
    </ClCompile>
    <ClCompile Include="TinyXML\tinystr.cpp">
      <Filter>Source Files\TinyXML</Filter>
    </ClCompile>
    <ClCompile Include="TinyXML\tinyxml.cpp">
      <Filter>Source Files\TinyXML</Filter>
    </ClCompile>
    <ClCompile Include="TinyXML\tinyxmlerror.cpp">
      <Filter>Source Files\TinyXML</Filter>
    </ClCompile>
    <ClCompile Include="TinyXML\tinyxmlparser.cpp">
      <Filter>Source Files\TinyXML</Filter>
    </ClCompile>
    <ClCompile Include="level.cpp">
      <Filter>Source Files\TinyXML</Filter>
    </ClCompile>
    <ClCompile Include="src\Main.cpp">
      <Filter>Source Files</Filter>
    </ClCompile>
    <ClCompile Include="src\AnimationManager.cpp">
      <Filter>Source Files\Game</Filter>
    </ClCompile>
    <ClCompile Include="src\HealthBar.cpp">
      <Filter>Source Files\Game</Filter>
    </ClCompile>
    <ClCompile Include="src\Scoreboard.cpp">
      <Filter>Source Files\Game</Filter>
    </ClCompile>
  </ItemGroup>
  <ItemGroup>
    <ClInclude Include="src\Game.h">
      <Filter>Header Files\Game</Filter>
    </ClInclude>
    <ClInclude Include="src\Player.h">
      <Filter>Header Files\Entities</Filter>
    </ClInclude>
    <ClInclude Include="src\Entity.h">
      <Filter>Header Files\Entities</Filter>
    </ClInclude>
    <ClInclude Include="src\Animation.h">
      <Filter>Header Files\Game</Filter>
    </ClInclude>
    <ClInclude Include="src\Enemy.h">
      <Filter>Header Files\Entities</Filter>
    </ClInclude>
    <ClInclude Include="TinyXML\tinyxml.h">
      <Filter>Header Files\TinyXML</Filter>
    </ClInclude>
    <ClInclude Include="level.h">
      <Filter>Header Files\TinyXML</Filter>
    </ClInclude>
    <ClInclude Include="TinyXML\tinystr.h">
      <Filter>Header Files\TinyXML</Filter>
    </ClInclude>
    <ClInclude Include="src\AnimationManager.h">
      <Filter>Header Files\Game</Filter>
    </ClInclude>
    <ClInclude Include="src\HealthBar.h">
      <Filter>Header Files\Game</Filter>
    </ClInclude>
    <ClInclude Include="src\Scoreboard.h">
      <Filter>Header Files\Game</Filter>
    </ClInclude>
  </ItemGroup>
</Project>